
Microsoft Visual Studio Solution File, Format Version 12.00
# Visual Studio 15
VisualStudioVersion = 15.0.27130.2003
MinimumVisualStudioVersion = 10.0.40219.1
Project("{FAE04EC0-301F-11D3-BF4B-00C04F79EFBC}") = "BashSoft", "BashSoft\BashSoft.csproj", "{3EFA257C-A343-4B65-9EE5-52C83FEAC72E}"
EndProject
Project("{FAE04EC0-301F-11D3-BF4B-00C04F79EFBC}") = "BashSoftTesting", "BashSoftTesting\BashSoftTesting.csproj", "{535119EC-B739-497F-AD08-B2E0F056C743}"
EndProject
Global
	GlobalSection(SolutionConfigurationPlatforms) = preSolution
		Debug|Any CPU = Debug|Any CPU
		Release|Any CPU = Release|Any CPU
	EndGlobalSection
	GlobalSection(ProjectConfigurationPlatforms) = postSolution
		{3EFA257C-A343-4B65-9EE5-52C83FEAC72E}.Debug|Any CPU.ActiveCfg = Debug|Any CPU
		{3EFA257C-A343-4B65-9EE5-52C83FEAC72E}.Debug|Any CPU.Build.0 = Debug|Any CPU
		{3EFA257C-A343-4B65-9EE5-52C83FEAC72E}.Release|Any CPU.ActiveCfg = Release|Any CPU
		{3EFA257C-A343-4B65-9EE5-52C83FEAC72E}.Release|Any CPU.Build.0 = Release|Any CPU
		{535119EC-B739-497F-AD08-B2E0F056C743}.Debug|Any CPU.ActiveCfg = Debug|Any CPU
		{535119EC-B739-497F-AD08-B2E0F056C743}.Debug|Any CPU.Build.0 = Debug|Any CPU
		{535119EC-B739-497F-AD08-B2E0F056C743}.Release|Any CPU.ActiveCfg = Release|Any CPU
		{535119EC-B739-497F-AD08-B2E0F056C743}.Release|Any CPU.Build.0 = Release|Any CPU
	EndGlobalSection
	GlobalSection(SolutionProperties) = preSolution
		HideSolutionNode = FALSE
	EndGlobalSection
	GlobalSection(ExtensibilityGlobals) = postSolution
		SolutionGuid = {403F771B-A324-45D0-A7EC-0A50D8AE6CC5}
	EndGlobalSection
EndGlobal
